github.com/scrouthtv/termios v0.0.0-20210216125743-1b0887406147 h1:Gutzu/LjU9SMBs1LyZqGL/i9LCCx7cmDiC2pAaq9vZM=
github.com/scrouthtv/termios v0.0.0-20210216125743-1b0887406147/go.mod h1:smp1vVRZ1Piw3IZsR8UBEfV7gSQPlhSB/J/w+6TsfMw=
github.com/scrouthtv/termios v0.0.0-20210216182453-ede925176118 h1:EjmRCtsF/3KkHWTCqyLgjIug5IngT+pACBhRG3Qmbio=
github.com/scrouthtv/termios v0.0.0-20210221180303-7a5e62c2cb2c h1:ghFyBKwBW8fSKML1+SPHBXotu44fXNh5PLxC4MI4lHc=
github.com/scrouthtv/termios v0.0.0-20210221180303-7a5e62c2cb2c/go.mod h1:heZd3KzQA4HM3Qyvnjj4rn3PmBn/nGHlgOsrxdrWhlY=
github.com/scrouthtv/termios v0.0.0-20210222143443-f78fc7469a9c h1:gG7qF35dbSLVg7lBw3Dxl16o58LzDVmFvbBKLgay5rg=
github.com/scrouthtv/termios v0.0.0-20210222143443-f78fc7469a9c/go.mod h1:heZd3KzQA4HM3Qyvnjj4rn3PmBn/nGHlgOsrxdrWhlY=
github.com/scrouthtv/termios v0.0.0-20210222145407-e62fe1277f2d h1:FJIAsCYC4t+3gS//5jgTfGER98SI+DEjJWh2Kgi3Sa4=
github.com/scrouthtv/termios v0.0.0-20210222145407-e62fe1277f2d/go.mod h1:heZd3KzQA4HM3Qyvnjj4rn3PmBn/nGHlgOsrxdrWhlY=
github.com/scrouthtv/termios v0.0.0-20210222150922-9390d11380ae h1:Qr4AqPkOpGfCkiQP+myGKZZry7UEC4z2UJUWrNzMySQ=
github.com/scrouthtv/termios v0.0.0-20210222150922-9390d11380ae/go.mod h1:heZd3KzQA4HM3Qyvnjj4rn3PmBn/nGHlgOsrxdrWhlY=
github.com/scrouthtv/termios/keys v0.0.0-20210216182453-ede925176118 h1:eOaaYN4PTqK9K945pDtxIPNzw7cOtCNtOrHIb+Nr7a4=
github.com/scrouthtv/termios/keys v0.0.0-20210216182453-ede925176118/go.mod h1:ZHwKahLsuHH+r/PbaptrMi4YzAerKWw6KDn/hCwWwLY=
github.com/scrouthtv/termios/keys v0.0.0-20210216185427-dee6bbf46613 h1:fILNfEUQ2BRWJhXToEejrgcYQ8eHWzL79M6Npx/jxdI=
github.com/scrouthtv/termios/keys v0.0.0-20210216185427-dee6bbf46613/go.mod h1:ZHwKahLsuHH+r/PbaptrMi4YzAerKWw6KDn/hCwWwLY=
github.com/xo/terminfo v0.0.0-20210125001918-ca9a967f8778 h1:QldyIu/L63oPpyvQmHgvgickp1Yw510KJOqX7H24mg8=
github.com/xo/terminfo v0.0.0-20210125001918-ca9a967f8778/go.mod h1:2MuV+tbUrU1zIOPMxZ5EncGwgmMJsa+9ucAQZXxsObs=
golang.org/x/sys v0.0.0-20210124154548-22da62e12c0c h1:VwygUrnw9jn88c4u8GD3rZQbqrP/tgas88tPUbBxQrk=
golang.org/x/sys v0.0.0-20210124154548-22da62e12c0c/go.mod h1:h1NjWce9XRLGQEsW7wpKNCjG9DtNlClVuFLEZdDNbEs=
golang.org/x/sys v0.0.0-20210218155724-8ebf48af031b h1:lAZ0/chPUDWwjqosYR0X4M490zQhMsiJ4K3DbA7o+3g=
golang.org/x/sys v0.0.0-20210218155724-8ebf48af031b/go.mod h1:h1NjWce9XRLGQEsW7wpKNCjG9DtNlClVuFLEZdDNbEs=
golang.org/x/sys v0.0.0-20210220050731-9a76102bfb43 h1:SgQ6LNaYJU0JIuEHv9+s6EbhSCwYeAf5Yvj6lpYlqAE=
golang.org/x/sys v0.0.0-20210220050731-9a76102bfb43/go.mod h1:h1NjWce9XRLGQEsW7wpKNCjG9DtNlClVuFLEZdDNbEs=
