github.com/Microsoft/go-winio v0.4.16/go.mod h1:XB6nPKklQyQ7GC9LdcBEcBl8PF76WugXOPRXwdLnMv0=
github.com/RythenGlyth/gosh v0.0.0-20210223095719-357658252e7c h1:LT01w6oUF0OQqZ/Bv6bBt8ZAB2GtkFG+ayvyOhaptgU=
github.com/RythenGlyth/gosh/src/debug v0.0.0-20210223095719-357658252e7c h1:ompoz0t111g4sR3zWMUjKqpu4KhplW4V+jCHledinN4=
github.com/RythenGlyth/gosh/src/debug v0.0.0-20210223095719-357658252e7c/go.mod h1:fNgOafTCHyuLNJhO5YIXJextmFj1udjBHCgCRN7gKoc=
github.com/RythenGlyth/gosh/src/gosh v0.0.0-20210223095719-357658252e7c h1:TlmkSyV6Ve/8NgY4EA0yN+sR8g6IRrDq+yTzpqQSQZU=
github.com/RythenGlyth/gosh/src/gosh v0.0.0-20210223095719-357658252e7c/go.mod h1:anet8IFWvVkcciB2LeXsxi3IE+AFCkF4+jbEVffwOFc=
github.com/davecgh/go-spew v1.1.1/go.mod h1:J7Y8YcW2NihsgmVo/mv3lAwl/skON4iLHjSsI+c5H38=
github.com/konsorten/go-windows-terminal-sequences v1.0.1/go.mod h1:T0+1ngSBFLxvqU3pZ+m/2kptfBszLMUkC4ZK/EgS/cQ=
github.com/pkg/errors v0.9.1/go.mod h1:bwawxfHBFNV+L2hUp1rHADufV3IMtnDRdf1r5NINEl0=
github.com/pmezard/go-difflib v1.0.0/go.mod h1:iKH77koFhYxTK1pcRnkKkqfTogsbg7gZNVY4sRDYZ/4=
github.com/scrouthtv/golang-ipc v0.0.0-20210223075931-56b586a10741/go.mod h1:d4WjjA9OlOY4yoMWdj/ZNd21dZUvI0M/hp+L+RpQM9k=
github.com/scrouthtv/termios v0.0.0-20210223081113-535b04571c2f/go.mod h1:heZd3KzQA4HM3Qyvnjj4rn3PmBn/nGHlgOsrxdrWhlY=
github.com/sirupsen/logrus v1.4.1/go.mod h1:ni0Sbl8bgC9z8RoU9G6nDWqqs/fq4eDPysMBDgk/93Q=
github.com/stretchr/objx v0.1.1/go.mod h1:HFkY916IF+rwdDfMAkV7OtwuqBVzrE8GR6GFx+wExME=
github.com/stretchr/testify v1.2.2/go.mod h1:a8OnRcib4nhh0OaRAV+Yts87kKdq0PP7pXfy6kDkUVs=
github.com/xo/terminfo v0.0.0-20210125001918-ca9a967f8778/go.mod h1:2MuV+tbUrU1zIOPMxZ5EncGwgmMJsa+9ucAQZXxsObs=
golang.org/x/sys v0.0.0-20180905080454-ebe1bf3edb33/go.mod h1:STP8DvDyc/dI5b8T5hshtkjS+E42TnysNCUPdjciGhY=
golang.org/x/sys v0.0.0-20190916202348-b4ddaad3f8a3/go.mod h1:h1NjWce9XRLGQEsW7wpKNCjG9DtNlClVuFLEZdDNbEs=
golang.org/x/sys v0.0.0-20210218155724-8ebf48af031b/go.mod h1:h1NjWce9XRLGQEsW7wpKNCjG9DtNlClVuFLEZdDNbEs=
golang.org/x/sys v0.0.0-20210220050731-9a76102bfb43/go.mod h1:h1NjWce9XRLGQEsW7wpKNCjG9DtNlClVuFLEZdDNbEs=
